lockfileVersion: '9.0'

settings:
  autoInstallPeers: true
  excludeLinksFromLockfile: false

importers:

  .:
    dependencies:
      '@orpc/client':
        specifier: 1.14.4
        version: 1.14.4
      ai:
        specifier: ^7.0.58
        version: 7.0.66(zod@4.4.3)
      eve:
        specifier: ^0.38.3
        version: 0.38.3(ai@7.0.66(zod@4.4.3))
      zod:
        specifier: ^4.4.3
        version: 4.4.3
    devDependencies:
      '@types/node':
        specifier: 24.x
        version: 24.13.3
      typescript:
        specifier: ^6.0.3
        version: 6.0.3

packages:

  '@ai-sdk/gateway@4.0.52':
    resolution: {integrity: sha512-SXUM8jzzuTUJRq+EOgPd5to6DSx0EKslVn+IVZHbUEX6k/3vCPNrvjckbK26HnNxHU/STxm+zTSJteqrO+7Z0w==}
    engines: {node: '>=22'}
    peerDependencies:
      zod: ^3.25.76 || ^4.1.8

  '@ai-sdk/provider-utils@5.0.27':
    resolution: {integrity: sha512-EzAn4pdgG5g0xXtH6lE2zyNmfjDQIDjATkfqzuidEI35g++hh4+07vnjzkT/RmGmIClPZiRj/Q2GMPV2V7mkHw==}
    engines: {node: '>=22'}
    peerDependencies:
      zod: ^3.25.76 || ^4.1.8

  '@ai-sdk/provider@4.0.7':
    resolution: {integrity: sha512-6or44XprPzKbr8zkmzosowSE0pxkvJcoojBL+mCZvPUt3kvXp3XSNqeVun9golb1acEfSo6yaEBRT18h2VU+1Q==}
    engines: {node: '>=22'}

  '@orpc/client@1.14.4':
    resolution: {integrity: sha512-i6Z9FikIm9Qz3Br10vk8/cllgjdYdlRKK2OV3x2/CdOBRr+B68tboNdpH3eeb1kv8/Zd6ZsXcWaDfrANdj2GZQ==}

  '@orpc/shared@1.14.4':
    resolution: {integrity: sha512-XltdytNlp68cN/WvrfsG7BdUUWV4a7kFN+7HL9LskTqt+q396ITWggJeoyBBMl+u1WHCF7GO2OHx4XQBBYOM8Q==}
    peerDependencies:
      '@opentelemetry/api': '>=1.9.0'
    peerDependenciesMeta:
      '@opentelemetry/api':
        optional: true

  '@orpc/standard-server-fetch@1.14.4':
    resolution: {integrity: sha512-Qkhr/W1hZXDQ40abDKb8C8icL9XBh5Uc1oDdhUOj+DxoJLQmQlH+3PtxP+/FQwnPJwr5UzQqa8BAU5goZugoGw==}

  '@orpc/standard-server-peer@1.14.4':
    resolution: {integrity: sha512-swN+48ekPQdZtqP81jDoaolc3IvLbpWaRsWJfXHv05d4x7Gplo1rVjk0qmwoFsYXOx5D/ZZlUaJ79BOdMJRyaA==}

  '@orpc/standard-server@1.14.4':
    resolution: {integrity: sha512-DGhgCXaS1vghoemaK8ANnsI8u69k056vFYNuXMLbbDYn9miWeQyI7Af+Ya5Y0T/YNzGtEvqFP4nkNja7KTHivQ==}

  '@oxc-project/types@0.144.0':
    resolution: {integrity: sha512-nuhZIOLuI6TFQ32I/WnUx+SCPY7SdSKwgnFHydAuoS1+Z4BRcaP+RRJmGzl9lw+0OFF7UmaESf7KQRXaNLHypg==}

  '@rolldown/binding-android-arm64@1.2.4':
    resolution: {integrity: sha512-jHC2cnyKz5xU2fhECtFl8OZ83cYNt13GZQD+0uMJ/X3o+ijmd56okHhTUwxVSHPx1IRVIJEZ1/1pPzeLCU6XKA==}
    engines: {node: ^20.19.0 || >=22.12.0}
    cpu: [arm64]
    os: [android]

  '@rolldown/binding-darwin-arm64@1.2.4':
    resolution: {integrity: sha512-Dc5mPD8F5F/FS8i01syd7FTF6yB2fVthH/TRkjwJkzUK6EpoxHtqvZQP5Zwq80/5z19TWYHIg1KOHboCgVx/aQ==}
    engines: {node: ^20.19.0 || >=22.12.0}
    cpu: [arm64]
    os: [darwin]

  '@rolldown/binding-darwin-x64@1.2.4':
    resolution: {integrity: sha512-fpDm4oBo6SqLvWUYCmFhdde3U9KH2fRNNMeAnAPAIwxRL345xutL0EtEUcuoxsoazdJGv/MuDBQHlCDrtbvqOg==}
    engines: {node: ^20.19.0 || >=22.12.0}
    cpu: [x64]
    os: [darwin]

  '@rolldown/binding-freebsd-x64@1.2.4':
    resolution: {integrity: sha512-rSJoreDE/HoIzoaib6MTp5jQtCTdMHKIvItAKT/ImS6Y6Ww76oUaeMyp4Vc/fAgd/ehji068IxetHXAnqUwN9A==}
    engines: {node: ^20.19.0 || >=22.12.0}
    cpu: [x64]
    os: [freebsd]

  '@rolldown/binding-linux-arm-gnueabihf@1.2.4':
    resolution: {integrity: sha512-/jm8OGHgn7oGaJu3i/qZI9spUGcJ+y/lk43ttQ/iO1tOd9NissG6o97bighBCiL+BKRngmcDuR6ikfwYdJmVuQ==}
    engines: {node: ^20.19.0 || >=22.12.0}
    cpu: [arm]
    os: [linux]

  '@rolldown/binding-linux-arm64-gnu@1.2.4':
    resolution: {integrity: sha512-tIP06BeD9EqvECBrPZ+sqdPlYrT+aYaAiu1wYziVx5elRK/ftm33JxVDy2bXGbr6J0CrtirCkR87/X5a2euEng==}
    engines: {node: ^20.19.0 || >=22.12.0}
    cpu: [arm64]
    os: [linux]
    libc: [glibc]

  '@rolldown/binding-linux-arm64-musl@1.2.4':
    resolution: {integrity: sha512-Ql1Q0EQqVThvn9VAVlwNzsUvbSFtCMGjLpRRi4pk5i7NZZ4n5ISiLMjHYtus4VQ2PvkSw24zyaCVsiS+sXPj1w==}
    engines: {node: ^20.19.0 || >=22.12.0}
    cpu: [arm64]
    os: [linux]
    libc: [musl]

  '@rolldown/binding-linux-ppc64-gnu@1.2.4':
    resolution: {integrity: sha512-GjbjXD4XXfN19D0LZNbmiCBUoDiRACsYHr0yaIbbn8aFsXjHZifcYqu/W5Er5X2X990WjHXFrxarn5chzItorQ==}
    engines: {node: ^20.19.0 || >=22.12.0}
    cpu: [ppc64]
    os: [linux]
    libc: [glibc]

  '@rolldown/binding-linux-s390x-gnu@1.2.4':
    resolution: {integrity: sha512-p5WR0NOwaRmJ/B1b6IjEFLLivwEsf3PrdBIhRbhTCQisbo2SvHHpG4ELB/+FgQNnB88LTOF86upmJmbvZdQ2lw==}
    engines: {node: ^20.19.0 || >=22.12.0}
    cpu: [s390x]
    os: [linux]
    libc: [glibc]

  '@rolldown/binding-linux-x64-gnu@1.2.4':
    resolution: {integrity: sha512-4/GyVjmhR+Tc6HLJvwc1sOhPqAZtySiSMesOZyX6JQ5XBxoTDEMKQzvo07NIK6nTon/SivlZqvhzvuVBNQhObQ==}
    engines: {node: ^20.19.0 || >=22.12.0}
    cpu: [x64]
    os: [linux]
    libc: [glibc]

  '@rolldown/binding-linux-x64-musl@1.2.4':
    resolution: {integrity: sha512-l9eeLsCNvPpmSXUej0etw/J1eqV0Jj1D5G/xG6YTijmE6dkv6E2QezgWbTfQk63v952DPqrjOCoiqxq7Bw0YUQ==}
    engines: {node: ^20.19.0 || >=22.12.0}
    cpu: [x64]
    os: [linux]
    libc: [musl]

  '@rolldown/binding-openharmony-arm64@1.2.4':
    resolution: {integrity: sha512-e0F355MSTMm3+UOqtV3L24gFUp2N5m1f8L/7d56deik6va+AXdrt9F8LbzGpeWGWRbZEDq4m8NVnJDeBtf9DZg==}
    engines: {node: ^20.19.0 || >=22.12.0}
    cpu: [arm64]
    os: [openharmony]

  '@rolldown/binding-win32-arm64-msvc@1.2.4':
    resolution: {integrity: sha512-AWLi0uBRYh6QlE7OKhiz+phZC0qwtij2QZmhmOdsLdFn64m7oMpooE9ICE3lhm9xMb4SpDo2WbHcxX1iFLFtqw==}
    engines: {node: ^20.19.0 || >=22.12.0}
    cpu: [arm64]
    os: [win32]

  '@rolldown/binding-win32-x64-msvc@1.2.4':
    resolution: {integrity: sha512-UwSDJOg3dqCAejWdxclJjCsh3Qq4vLYMDxmyHqo1btz3stK2VqgwNd3mm5tuIwzSlGIQ/1H9Hr+Zn09mrezNqQ==}
    engines: {node: ^20.19.0 || >=22.12.0}
    cpu: [x64]
    os: [win32]

  '@rolldown/pluginutils@1.0.1':
    resolution: {integrity: sha512-2j9bGt5Jh8hj+vPtgzPtl72j0yRxHAyumoo6TNfAjsLB04UtpSvPbPcDcBMxz7n+9CYB0c1GxQFxYRg2jimqGw==}

  '@standard-schema/spec@1.1.0':
    resolution: {integrity: sha512-l2aFy5jALhniG5HgqrD6jXLi/rUWrKvqN/qJx6yoJsgKhblVd+iqqU4RCXavm/jPityDo5TCvKMnpjKnOriy0w==}

  '@types/node@24.13.3':
    resolution: {integrity: sha512-Dh8vAsV36ig5wa9OX4pXvMc9D3Veibfw2wix0CUwYODLD8nkj9UsLjASr49nPg+2eKzxhBV+v7L8pXvT4e639Q==}

  '@vercel/oidc@3.2.0':
    resolution: {integrity: sha512-UycprH3T6n3jH0k44NHMa7pnFHGu/N05MjojYr+Mc6I7obkoLIJujSWwin1pCvdy/eOxrI/l3uDLQsmcrOb4ug==}
    engines: {node: '>= 20'}

  '@workflow/serde@4.1.0':
    resolution: {integrity: sha512-pav4F2BoirECWR7Nf1TKt+2eETcBj7jj4cBefQ8VXQCA6NPkaKeLfj/zMgi+3zYV5ZIBT4GuUiphsj0/b9hPQQ==}

  ai@7.0.66:
    resolution: {integrity: sha512-wBUyoCYF3GVr+62nelBgR8YbpTSsMZrzFyOOjiwijylNSM2TFCW35C+Pml2vc59/WLMpyhS/LWZ55M+B9DAcSg==}
    engines: {node: '>=22'}
    peerDependencies:
      zod: ^3.25.76 || ^4.1.8

  consola@3.4.2:
    resolution: {integrity: sha512-5IKcdX0nnYavi6G7TtOhwkYzyjfJlatbjMjuLSfE2kYT5pMDOilZ4OvMhi637CcDICTmz3wARPoyhqyX1Y+XvA==}
    engines: {node: ^14.18.0 || >=16.10.0}

  crossws@0.4.10:
    resolution: {integrity: sha512-pz3oubH/dt12KjqsUB0IuXW4nwRDQ583iDsP4555Cpdqx0NoU7pGlWBcayyFI8f/l/idRpgjMEfwuOxSWJYlIA==}
    peerDependencies:
      srvx: '>=0.11.5'
    peerDependenciesMeta:
      srvx:
        optional: true

  db0@0.3.4:
    resolution: {integrity: sha512-RiXXi4WaNzPTHEOu8UPQKMooIbqOEyqA1t7Z6MsdxSCeb8iUC9ko3LcmsLmeUt2SM5bctfArZKkRQggKZz7JNw==}
    peerDependencies:
      '@electric-sql/pglite': '*'
      '@libsql/client': '*'
      better-sqlite3: '*'
      drizzle-orm: '*'
      mysql2: '*'
      sqlite3: '*'
    peerDependenciesMeta:
      '@electric-sql/pglite':
        optional: true
      '@libsql/client':
        optional: true
      better-sqlite3:
        optional: true
      drizzle-orm:
        optional: true
      mysql2:
        optional: true
      sqlite3:
        optional: true

  env-runner@0.1.16:
    resolution: {integrity: sha512-2LRJM4P2KLX6J83QZZrMqvgCDt/D5ea7wPcI3yYiy5cG/9rX5QwdwZFx0D7ktWnjdRyZxYjttGGorb5nFqb1CA==}
    hasBin: true
    peerDependencies:
      '@netlify/runtime': ^4.1.23
      '@vercel/queue': '>=0.2.0'
      miniflare: ^4.20260515.0
      wrangler: ^4.0.0
    peerDependenciesMeta:
      '@netlify/runtime':
        optional: true
      '@vercel/queue':
        optional: true
      miniflare:
        optional: true
      wrangler:
        optional: true

  eve@0.38.3:
    resolution: {integrity: sha512-Ds942WB9JyhKZYCEG60fxRpsDbzsByPwbW/8iMxFP3xYe9TpKdGBiOxmqukI8KsdoKdyudXWnHY2KMVeSd3Iig==}
    engines: {node: '>=24'}
    hasBin: true
    peerDependencies:
      '@opentelemetry/api': ^1.0.0
      ai: ^7.0.58
      braintrust: ^3.0.0
      just-bash: ^3.0.0
      microsandbox: ^0.5.0
    peerDependenciesMeta:
      '@opentelemetry/api':
        optional: true
      braintrust:
        optional: true
      just-bash:
        optional: true
      microsandbox:
        optional: true

  eventsource-parser@3.1.1:
    resolution: {integrity: sha512-EKN1vKAMcZ8MlYMpaNuxN6R9yakzH6uajHcHVTqWJzvu5pWw9DyhbP35HH8MVBQ+dZjAfDxk+A8NiR9KWaXiyQ==}
    engines: {node: '>=18.0.0'}

  exsolve@1.1.1:
    resolution: {integrity: sha512-9U/jZUgjnSGyntRr6y5Muu1MJcwFl6kPu7k8qLF0IMNfLqvw0NZ4nnVDq0RVoZ0RvCyumib4Ez3KYrVfilrw+g==}

  h3@2.0.1-rc.22:
    resolution: {integrity: sha512-Esv0DMIuPkCTSWCA0vO73vcTqwzH1wjSrAO1TXNu/K3up1sZHa9EKMapbmxCDYBeymC3fVTk4qxp7ogQWQ+KgA==}
    engines: {node: '>=20.11.1'}
    hasBin: true
    peerDependencies:
      crossws: ^0.4.1
    peerDependenciesMeta:
      crossws:
        optional: true

  hookable@6.1.1:
    resolution: {integrity: sha512-U9LYDy1CwhMCnprUfeAZWZGByVbhd54hwepegYTK7Pi5NvqEj63ifz5z+xukznehT7i6NIZRu89Ay1AZmRsLEQ==}

  httpxy@0.5.5:
    resolution: {integrity: sha512-uDjmnPyp1q4Sgzf3w+J/Fc6UqcCEj0x4Wjp7OqK5dGhNeDgpyrAmnS6ey8QWrX3SWDon2DMKf9sBa5X9+CVyMA==}

  json-schema@0.4.0:
    resolution: {integrity: sha512-es94M3nTIfsEPisRafak+HDLfHXnKBhV3vU5eqPcS3flIWqcxJWgXHXiey3YrpaNsanY5ei1VoYEbOzijuq9BA==}

  nf3@0.3.23:
    resolution: {integrity: sha512-RWVLAWozmVD3AaDmaU3qMGB3v+yNlH5d9qqStI4e/WLlNQVnJ4YErGDbYCIrGFyrHdbF6I6Baf0Ae6c7tFYmSg==}

  nitro@3.0.260610-beta:
    resolution: {integrity: sha512-KPb4L5yaF/Rx/xoGMpgHRJvZhbhGiqbRKOwwPLCH9jKTKTsEUHLjnJas85AeCzaswqa8Wi52eQBtRsODC4PS0Q==}
    engines: {node: ^20.19.0 || >=22.12.0}
    hasBin: true
    peerDependencies:
      '@vercel/queue': ^0.3.0
      dotenv: '*'
      giget: '*'
      jiti: ^2.7.0
      rollup: ^4.61.1
      vite: ^7 || ^8
      xml2js: ^0.6.2
      zephyr-agent: ^0.2.0
    peerDependenciesMeta:
      '@vercel/queue':
        optional: true
      dotenv:
        optional: true
      giget:
        optional: true
      jiti:
        optional: true
      rollup:
        optional: true
      vite:
        optional: true
      xml2js:
        optional: true
      zephyr-agent:
        optional: true

  ocache@0.1.5:
    resolution: {integrity: sha512-kNNnkkVQup/QDvmTz8Q84wc2ntiyoVHDxa6eHWKt5qdGAmFRBIxy83rxgCYEjW0x06UJ9E3P6VgM2yY4rOBH4w==}

  ofetch@2.0.0-alpha.3:
    resolution: {integrity: sha512-zpYTCs2byOuft65vI3z43Dd6iSdFbOZZLb9/d21aCpx2rGastVU9dOCv0lu4ykc1Ur1anAYjDi3SUvR0vq50JA==}

  ohash@2.0.12:
    resolution: {integrity: sha512-65S/5gk9YSsaRjcyf7Nfa6h/d3E8/1gslpXfI4W7Dxn/oap8IKRuNT5VXkLQ1YFKIEg4apRY4Pj6aiwFzrDdmw==}

  pathe@2.0.3:
    resolution: {integrity: sha512-WUjGcAqP1gQacoQe+OBJsFA7Ld4DyXuUIjZ5cc75cLHvJ7dtNsTugphxIADwspS+AraAUePCKrSVtPLFj/F88w==}

  radash@12.1.1:
    resolution: {integrity: sha512-h36JMxKRqrAxVD8201FrCpyeNuUY9Y5zZwujr20fFO77tpUtGa6EZzfKw/3WaiBX95fq7+MpsuMLNdSnORAwSA==}
    engines: {node: '>=14.18.0'}

  rolldown@1.2.4:
    resolution: {integrity: sha512-rSr7irW0K7QRWzjdJXqZowkcRdDtjRduh43rBltnVKd0VFq839l1lJoDvGJb6gl7+4rTTCrPWu+YfujUL8Ug7w==}
    engines: {node: ^20.19.0 || >=22.12.0}
    hasBin: true

  rou3@0.8.1:
    resolution: {integrity: sha512-ePa+XGk00/3HuCqrEnK3LxJW7I0SdNg6EFzKUJG73hMAdDcOUC/i/aSz7LSDwLrGr33kal/rqOGydzwl6U7zBA==}

  srvx@0.11.22:
    resolution: {integrity: sha512-LqZxxBDMKuMAZzFzJnDCkFOrs9MZQZr0LvHiO/SuSZVdQaXD7xQ5UWTUxheJrQPve1qk9MG2B/yttUvJxw8egQ==}
    engines: {node: '>=20.16.0'}
    hasBin: true

  tagged-tag@1.0.0:
    resolution: {integrity: sha512-yEFYrVhod+hdNyx7g5Bnkkb0G6si8HJurOoOEgC8B/O0uXLHlaey/65KRv6cuWBNhBgHKAROVpc7QyYqE5gFng==}
    engines: {node: '>=20'}

  type-fest@5.8.0:
    resolution: {integrity: sha512-YGYEVz3Fm5iy/AybuA0oyNFq7H4CgQNfRp/qfe8nurE1kuCeNm3/vfm9X4Mtl+qLyaKJUh5xrFZwogr41SMjYA==}
    engines: {node: '>=20'}

  typescript@6.0.3:
    resolution: {integrity: sha512-y2TvuxSZPDyQakkFRPZHKFm+KKVqIisdg9/CZwm9ftvKXLP8NRWj38/ODjNbr43SsoXqNuAisEf1GdCxqWcdBw==}
    engines: {node: '>=14.17'}
    hasBin: true

  undici-types@7.18.2:
    resolution: {integrity: sha512-AsuCzffGHJybSaRrmr5eHr81mwJU3kjw6M+uprWvCXiNeN9SOGwQ3Jn8jb8m3Z6izVgknn1R0FTCEAP2QrLY/w==}

  undici@7.29.0:
    resolution: {integrity: sha512-IDxfleLmmbSskfWSUATiN1nfn2rDuvnMOqb5CWR92iIfojA0Ud+ulOAAEQ57LPr9rWmsreUyf5lwyao+7GNNVw==}
    engines: {node: '>=20.18.1'}

  undici@8.9.0:
    resolution: {integrity: sha512-aWZpUj7XoGonMClx4gdDRfgBjqeA+F473aDmROQQbM9n6PRfK/u1q/a0X4wMTgcHfT8H6fpbt98PFuDUwFg2YA==}
    engines: {node: '>=22.19.0'}

  unenv@2.0.0-rc.24:
    resolution: {integrity: sha512-i7qRCmY42zmCwnYlh9H2SvLEypEFGye5iRmEMKjcGi7zk9UquigRjFtTLz0TYqr0ZGLZhaMHl/foy1bZR+Cwlw==}

  unstorage@2.0.0-alpha.7:
    resolution: {integrity: sha512-ELPztchk2zgFJnakyodVY3vJWGW9jy//keJ32IOJVGUMyaPydwcA1FtVvWqT0TNRch9H+cMNEGllfVFfScImog==}
    peerDependencies:
      '@azure/app-configuration': ^1.11.0
      '@azure/cosmos': ^4.9.1
      '@azure/data-tables': ^13.3.2
      '@azure/identity': ^4.13.0
      '@azure/keyvault-secrets': ^4.10.0
      '@azure/storage-blob': ^12.31.0
      '@capacitor/preferences': ^6 || ^7 || ^8
      '@deno/kv': '>=0.13.0'
      '@netlify/blobs': ^6.5.0 || ^7.0.0 || ^8.1.0 || ^9.0.0 || ^10.0.0
      '@planetscale/database': ^1.19.0
      '@upstash/redis': ^1.36.2
      '@vercel/blob': '>=0.27.3'
      '@vercel/functions': ^2.2.12 || ^3.0.0
      '@vercel/kv': ^1.0.1
      aws4fetch: ^1.0.20
      chokidar: ^4 || ^5
      db0: '>=0.3.4'
      idb-keyval: ^6.2.2
      ioredis: ^5.9.3
      lru-cache: ^11.2.6
      mongodb: ^6 || ^7
      ofetch: '*'
      uploadthing: ^7.7.4
    peerDependenciesMeta:
      '@azure/app-configuration':
        optional: true
      '@azure/cosmos':
        optional: true
      '@azure/data-tables':
        optional: true
      '@azure/identity':
        optional: true
      '@azure/keyvault-secrets':
        optional: true
      '@azure/storage-blob':
        optional: true
      '@capacitor/preferences':
        optional: true
      '@deno/kv':
        optional: true
      '@netlify/blobs':
        optional: true
      '@planetscale/database':
        optional: true
      '@upstash/redis':
        optional: true
      '@vercel/blob':
        optional: true
      '@vercel/functions':
        optional: true
      '@vercel/kv':
        optional: true
      aws4fetch:
        optional: true
      chokidar:
        optional: true
      db0:
        optional: true
      idb-keyval:
        optional: true
      ioredis:
        optional: true
      lru-cache:
        optional: true
      mongodb:
        optional: true
      ofetch:
        optional: true
      uploadthing:
        optional: true

  zod@4.4.3:
    resolution: {integrity: sha512-ytENFjIJFl2UwYglde2jchW2Hwm4GJFLDiSXWdTrJQBIN9Fcyp7n4DhxJEiWNAJMV1/BqWfW/kkg71UDcHJyTQ==}

snapshots:

  '@ai-sdk/gateway@4.0.52(zod@4.4.3)':
    dependencies:
      '@ai-sdk/provider': 4.0.7
      '@ai-sdk/provider-utils': 5.0.27(zod@4.4.3)
      '@vercel/oidc': 3.2.0
      zod: 4.4.3

  '@ai-sdk/provider-utils@5.0.27(zod@4.4.3)':
    dependencies:
      '@ai-sdk/provider': 4.0.7
      '@standard-schema/spec': 1.1.0
      '@workflow/serde': 4.1.0
      eventsource-parser: 3.1.1
      undici: 7.29.0
      zod: 4.4.3

  '@ai-sdk/provider@4.0.7':
    dependencies:
      json-schema: 0.4.0

  '@orpc/client@1.14.4':
    dependencies:
      '@orpc/shared': 1.14.4
      '@orpc/standard-server': 1.14.4
      '@orpc/standard-server-fetch': 1.14.4
      '@orpc/standard-server-peer': 1.14.4
    transitivePeerDependencies:
      - '@opentelemetry/api'

  '@orpc/shared@1.14.4':
    dependencies:
      radash: 12.1.1
      type-fest: 5.8.0

  '@orpc/standard-server-fetch@1.14.4':
    dependencies:
      '@orpc/shared': 1.14.4
      '@orpc/standard-server': 1.14.4
    transitivePeerDependencies:
      - '@opentelemetry/api'

  '@orpc/standard-server-peer@1.14.4':
    dependencies:
      '@orpc/shared': 1.14.4
      '@orpc/standard-server': 1.14.4
    transitivePeerDependencies:
      - '@opentelemetry/api'

  '@orpc/standard-server@1.14.4':
    dependencies:
      '@orpc/shared': 1.14.4
    transitivePeerDependencies:
      - '@opentelemetry/api'

  '@oxc-project/types@0.144.0': {}

  '@rolldown/binding-android-arm64@1.2.4':
    optional: true

  '@rolldown/binding-darwin-arm64@1.2.4':
    optional: true

  '@rolldown/binding-darwin-x64@1.2.4':
    optional: true

  '@rolldown/binding-freebsd-x64@1.2.4':
    optional: true

  '@rolldown/binding-linux-arm-gnueabihf@1.2.4':
    optional: true

  '@rolldown/binding-linux-arm64-gnu@1.2.4':
    optional: true

  '@rolldown/binding-linux-arm64-musl@1.2.4':
    optional: true

  '@rolldown/binding-linux-ppc64-gnu@1.2.4':
    optional: true

  '@rolldown/binding-linux-s390x-gnu@1.2.4':
    optional: true

  '@rolldown/binding-linux-x64-gnu@1.2.4':
    optional: true

  '@rolldown/binding-linux-x64-musl@1.2.4':
    optional: true

  '@rolldown/binding-openharmony-arm64@1.2.4':
    optional: true

  '@rolldown/binding-win32-arm64-msvc@1.2.4':
    optional: true

  '@rolldown/binding-win32-x64-msvc@1.2.4':
    optional: true

  '@rolldown/pluginutils@1.0.1': {}

  '@standard-schema/spec@1.1.0': {}

  '@types/node@24.13.3':
    dependencies:
      undici-types: 7.18.2

  '@vercel/oidc@3.2.0': {}

  '@workflow/serde@4.1.0': {}

  ai@7.0.66(zod@4.4.3):
    dependencies:
      '@ai-sdk/gateway': 4.0.52(zod@4.4.3)
      '@ai-sdk/provider': 4.0.7
      '@ai-sdk/provider-utils': 5.0.27(zod@4.4.3)
      zod: 4.4.3

  consola@3.4.2: {}

  crossws@0.4.10(srvx@0.11.22):
    optionalDependencies:
      srvx: 0.11.22

  db0@0.3.4: {}

  env-runner@0.1.16:
    dependencies:
      crossws: 0.4.10(srvx@0.11.22)
      exsolve: 1.1.1
      httpxy: 0.5.5
      srvx: 0.11.22

  eve@0.38.3(ai@7.0.66(zod@4.4.3)):
    dependencies:
      ai: 7.0.66(zod@4.4.3)
      nitro: 3.0.260610-beta
      undici: 8.9.0
    transitivePeerDependencies:
      - '@azure/app-configuration'
      - '@azure/cosmos'
      - '@azure/data-tables'
      - '@azure/identity'
      - '@azure/keyvault-secrets'
      - '@azure/storage-blob'
      - '@capacitor/preferences'
      - '@deno/kv'
      - '@electric-sql/pglite'
      - '@libsql/client'
      - '@netlify/blobs'
      - '@netlify/runtime'
      - '@planetscale/database'
      - '@upstash/redis'
      - '@vercel/blob'
      - '@vercel/functions'
      - '@vercel/kv'
      - '@vercel/queue'
      - aws4fetch
      - better-sqlite3
      - chokidar
      - dotenv
      - drizzle-orm
      - giget
      - idb-keyval
      - ioredis
      - jiti
      - lru-cache
      - miniflare
      - mongodb
      - mysql2
      - rollup
      - sqlite3
      - uploadthing
      - vite
      - wrangler
      - xml2js
      - zephyr-agent

  eventsource-parser@3.1.1: {}

  exsolve@1.1.1: {}

  h3@2.0.1-rc.22(crossws@0.4.10(srvx@0.11.22)):
    dependencies:
      rou3: 0.8.1
      srvx: 0.11.22
    optionalDependencies:
      crossws: 0.4.10(srvx@0.11.22)

  hookable@6.1.1: {}

  httpxy@0.5.5: {}

  json-schema@0.4.0: {}

  nf3@0.3.23: {}

  nitro@3.0.260610-beta:
    dependencies:
      consola: 3.4.2
      crossws: 0.4.10(srvx@0.11.22)
      db0: 0.3.4
      env-runner: 0.1.16
      h3: 2.0.1-rc.22(crossws@0.4.10(srvx@0.11.22))
      hookable: 6.1.1
      nf3: 0.3.23
      ocache: 0.1.5
      ofetch: 2.0.0-alpha.3
      ohash: 2.0.12
      rolldown: 1.2.4
      srvx: 0.11.22
      unenv: 2.0.0-rc.24
      unstorage: 2.0.0-alpha.7(db0@0.3.4)(ofetch@2.0.0-alpha.3)
    transitivePeerDependencies:
      - '@azure/app-configuration'
      - '@azure/cosmos'
      - '@azure/data-tables'
      - '@azure/identity'
      - '@azure/keyvault-secrets'
      - '@azure/storage-blob'
      - '@capacitor/preferences'
      - '@deno/kv'
      - '@electric-sql/pglite'
      - '@libsql/client'
      - '@netlify/blobs'
      - '@netlify/runtime'
      - '@planetscale/database'
      - '@upstash/redis'
      - '@vercel/blob'
      - '@vercel/functions'
      - '@vercel/kv'
      - aws4fetch
      - better-sqlite3
      - chokidar
      - drizzle-orm
      - idb-keyval
      - ioredis
      - lru-cache
      - miniflare
      - mongodb
      - mysql2
      - sqlite3
      - uploadthing
      - wrangler

  ocache@0.1.5:
    dependencies:
      ohash: 2.0.12

  ofetch@2.0.0-alpha.3: {}

  ohash@2.0.12: {}

  pathe@2.0.3: {}

  radash@12.1.1: {}

  rolldown@1.2.4:
    dependencies:
      '@oxc-project/types': 0.144.0
      '@rolldown/pluginutils': 1.0.1
    optionalDependencies:
      '@rolldown/binding-android-arm64': 1.2.4
      '@rolldown/binding-darwin-arm64': 1.2.4
      '@rolldown/binding-darwin-x64': 1.2.4
      '@rolldown/binding-freebsd-x64': 1.2.4
      '@rolldown/binding-linux-arm-gnueabihf': 1.2.4
      '@rolldown/binding-linux-arm64-gnu': 1.2.4
      '@rolldown/binding-linux-arm64-musl': 1.2.4
      '@rolldown/binding-linux-ppc64-gnu': 1.2.4
      '@rolldown/binding-linux-s390x-gnu': 1.2.4
      '@rolldown/binding-linux-x64-gnu': 1.2.4
      '@rolldown/binding-linux-x64-musl': 1.2.4
      '@rolldown/binding-openharmony-arm64': 1.2.4
      '@rolldown/binding-win32-arm64-msvc': 1.2.4
      '@rolldown/binding-win32-x64-msvc': 1.2.4

  rou3@0.8.1: {}

  srvx@0.11.22: {}

  tagged-tag@1.0.0: {}

  type-fest@5.8.0:
    dependencies:
      tagged-tag: 1.0.0

  typescript@6.0.3: {}

  undici-types@7.18.2: {}

  undici@7.29.0: {}

  undici@8.9.0: {}

  unenv@2.0.0-rc.24:
    dependencies:
      pathe: 2.0.3

  unstorage@2.0.0-alpha.7(db0@0.3.4)(ofetch@2.0.0-alpha.3):
    optionalDependencies:
      db0: 0.3.4
      ofetch: 2.0.0-alpha.3

  zod@4.4.3: {}
